
Microsoft Visual Studio Solution File, Format Version 12.00
# Visual Studio 15
VisualStudioVersion = 15.0.26124.0
MinimumVisualStudioVersion = 15.0.26124.0
Project("{FAE04EC0-301F-11D3-BF4B-00C04F79EFBC}") = "S3WebRequest", "S3WebRequest\S3WebRequest.csproj", "{AC621DD5-EFDE-4BD1-B899-132F88082DD3}"
EndProject
Project("{FAE04EC0-301F-11D3-BF4B-00C04F79EFBC}") = "S3WebRequest.Tests", "S3WebRequest.Tests\S3WebRequest.Tests.csproj", "{CCBF19D8-028B-47C5-AE14-142D0B1BC75B}"
EndProject
Global
	GlobalSection(SolutionConfigurationPlatforms) = preSolution
		Debug|Any CPU = Debug|Any CPU
		Debug|x64 = Debug|x64
		Debug|x86 = Debug|x86
		Release|Any CPU = Release|Any CPU
		Release|x64 = Release|x64
		Release|x86 = Release|x86
	EndGlobalSection
	GlobalSection(SolutionProperties) = preSolution
		HideSolutionNode = FALSE
	EndGlobalSection
	GlobalSection(ProjectConfigurationPlatforms) = postSolution
		{AC621DD5-EFDE-4BD1-B899-132F88082DD3}.Debug|Any CPU.ActiveCfg = Debug|Any CPU
		{AC621DD5-EFDE-4BD1-B899-132F88082DD3}.Debug|Any CPU.Build.0 = Debug|Any CPU
		{AC621DD5-EFDE-4BD1-B899-132F88082DD3}.Debug|x64.ActiveCfg = Debug|Any CPU
		{AC621DD5-EFDE-4BD1-B899-132F88082DD3}.Debug|x64.Build.0 = Debug|Any CPU
		{AC621DD5-EFDE-4BD1-B899-132F88082DD3}.Debug|x86.ActiveCfg = Debug|Any CPU
		{AC621DD5-EFDE-4BD1-B899-132F88082DD3}.Debug|x86.Build.0 = Debug|Any CPU
		{AC621DD5-EFDE-4BD1-B899-132F88082DD3}.Release|Any CPU.ActiveCfg = Release|Any CPU
		{AC621DD5-EFDE-4BD1-B899-132F88082DD3}.Release|Any CPU.Build.0 = Release|Any CPU
		{AC621DD5-EFDE-4BD1-B899-132F88082DD3}.Release|x64.ActiveCfg = Release|Any CPU
		{AC621DD5-EFDE-4BD1-B899-132F88082DD3}.Release|x64.Build.0 = Release|Any CPU
		{AC621DD5-EFDE-4BD1-B899-132F88082DD3}.Release|x86.ActiveCfg = Release|Any CPU
		{AC621DD5-EFDE-4BD1-B899-132F88082DD3}.Release|x86.Build.0 = Release|Any CPU
		{CCBF19D8-028B-47C5-AE14-142D0B1BC75B}.Debug|Any CPU.ActiveCfg = Debug|Any CPU
		{CCBF19D8-028B-47C5-AE14-142D0B1BC75B}.Debug|Any CPU.Build.0 = Debug|Any CPU
		{CCBF19D8-028B-47C5-AE14-142D0B1BC75B}.Debug|x64.ActiveCfg = Debug|Any CPU
		{CCBF19D8-028B-47C5-AE14-142D0B1BC75B}.Debug|x64.Build.0 = Debug|Any CPU
		{CCBF19D8-028B-47C5-AE14-142D0B1BC75B}.Debug|x86.ActiveCfg = Debug|Any CPU
		{CCBF19D8-028B-47C5-AE14-142D0B1BC75B}.Debug|x86.Build.0 = Debug|Any CPU
		{CCBF19D8-028B-47C5-AE14-142D0B1BC75B}.Release|Any CPU.ActiveCfg = Release|Any CPU
		{CCBF19D8-028B-47C5-AE14-142D0B1BC75B}.Release|Any CPU.Build.0 = Release|Any CPU
		{CCBF19D8-028B-47C5-AE14-142D0B1BC75B}.Release|x64.ActiveCfg = Release|Any CPU
		{CCBF19D8-028B-47C5-AE14-142D0B1BC75B}.Release|x64.Build.0 = Release|Any CPU
		{CCBF19D8-028B-47C5-AE14-142D0B1BC75B}.Release|x86.ActiveCfg = Release|Any CPU
		{CCBF19D8-028B-47C5-AE14-142D0B1BC75B}.Release|x86.Build.0 = Release|Any CPU
	EndGlobalSection
EndGlobal
